
Microsoft Visual Studio Solution File, Format Version 12.00
# Visual Studio Version 16
VisualStudioVersion = 16.0.28917.182
MinimumVisualStudioVersion = 10.0.40219.1
Project("{9A19103F-16F7-4668-BE54-9A1E7A4F7556}") = "Challenges", "ConsoleApp1\Challenges.csproj", "{B04D65DE-9D8A-43D5-A6CB-F1111087BBF8}"
EndProject
Global
	GlobalSection(SolutionConfigurationPlatforms) = preSolution
		Debug|Any CPU = Debug|Any CPU
		Release|Any CPU = Release|Any CPU
	EndGlobalSection
	GlobalSection(ProjectConfigurationPlatforms) = postSolution
		{B04D65DE-9D8A-43D5-A6CB-F1111087BBF8}.Debug|Any CPU.ActiveCfg = Debug|Any CPU
		{B04D65DE-9D8A-43D5-A6CB-F1111087BBF8}.Debug|Any CPU.Build.0 = Debug|Any CPU
		{B04D65DE-9D8A-43D5-A6CB-F1111087BBF8}.Release|Any CPU.ActiveCfg = Release|Any CPU
		{B04D65DE-9D8A-43D5-A6CB-F1111087BBF8}.Release|Any CPU.Build.0 = Release|Any CPU
	EndGlobalSection
	GlobalSection(SolutionProperties) = preSolution
		HideSolutionNode = FALSE
	EndGlobalSection
	GlobalSection(ExtensibilityGlobals) = postSolution
		SolutionGuid = {F5F63ACE-BE15-4C9D-8440-F1B1CB2A8FD7}
	EndGlobalSection
EndGlobal
